
Microsoft Visual Studio Solution File, Format Version 12.00
# Visual Studio Version 17
VisualStudioVersion = 17.2.32630.192
MinimumVisualStudioVersion = 10.0.40219.1
Project("{9A19103F-16F7-4668-BE54-9A1E7A4F7556}") = "Calculadoras", "Calculadoras\Calculadoras.csproj", "{5B809433-7864-4A15-80A6-9DBA3BA92B44}"
EndProject
Global
	GlobalSection(SolutionConfigurationPlatforms) = preSolution
		Debug|Any CPU = Debug|Any CPU
		Release|Any CPU = Release|Any CPU
	EndGlobalSection
	GlobalSection(ProjectConfigurationPlatforms) = postSolution
		{5B809433-7864-4A15-80A6-9DBA3BA92B44}.Debug|Any CPU.ActiveCfg = Debug|Any CPU
		{5B809433-7864-4A15-80A6-9DBA3BA92B44}.Debug|Any CPU.Build.0 = Debug|Any CPU
		{5B809433-7864-4A15-80A6-9DBA3BA92B44}.Release|Any CPU.ActiveCfg = Release|Any CPU
		{5B809433-7864-4A15-80A6-9DBA3BA92B44}.Release|Any CPU.Build.0 = Release|Any CPU
	EndGlobalSection
	GlobalSection(SolutionProperties) = preSolution
		HideSolutionNode = FALSE
	EndGlobalSection
	GlobalSection(ExtensibilityGlobals) = postSolution
		SolutionGuid = {5A0A3CD9-1F88-43AE-976B-80659B2F1406}
	EndGlobalSection
EndGlobal
